Microsoft Visual Studio Solution File, Format Version 12.00
# Visual Studio Version 18
VisualStudioVersion = 18.6.11822.322
MinimumVisualStudioVersion = 10.0.40219.1
Project("{FAE04EC0-301F-11D3-BF4B-00C04F79EFBC}") = "TextDiffOptions", "TextDiffOptions\TextDiffOptions.csproj", "{EDFC3C8C-5338-F0E9-1053-58F4A6085748}"
EndProject
Global
	GlobalSection(SolutionConfigurationPlatforms) = preSolution
		Debug|Any CPU = Debug|Any CPU
		Release|Any CPU = Release|Any CPU
	EndGlobalSection
	GlobalSection(ProjectConfigurationPlatforms) = postSolution
		{EDFC3C8C-5338-F0E9-1053-58F4A6085748}.Debug|Any CPU.ActiveCfg = Debug|Any CPU
		{EDFC3C8C-5338-F0E9-1053-58F4A6085748}.Debug|Any CPU.Build.0 = Debug|Any CPU
		{EDFC3C8C-5338-F0E9-1053-58F4A6085748}.Release|Any CPU.ActiveCfg = Release|Any CPU
		{EDFC3C8C-5338-F0E9-1053-58F4A6085748}.Release|Any CPU.Build.0 = Release|Any CPU
	EndGlobalSection
	GlobalSection(SolutionProperties) = preSolution
		HideSolutionNode = FALSE
	EndGlobalSection
	GlobalSection(ExtensibilityGlobals) = postSolution
		SolutionGuid = {ECA7D45B-73DA-4AFA-BBE2-A01FC63EC395}
	EndGlobalSection
EndGlobal
